<Project xmlns="http://schemas.microsoft.com/developer/msbuild/2003">
  <ItemGroup>
    <Filter Include="src" />
    <Filter Include="src\file" />
    <Filter Include="src\input" />
    <Filter Include="src\common" />
    <Filter Include="src\core" />
    <Filter Include="src\imgui" />
    <Filter Include="src\renderer\types" />
    <Filter Include="src\renderer" />
    <Filter Include="src\vulkan" />
    <Filter Include="src\utils" />
    <Filter Include="res\shaders" />
    <Filter Include="res" />
    <Filter Include="res\textures" />
    <Filter Include="res\models" />
    <Filter Include="vendor" />
    <Filter Include="vendor\im_gui" />
    <Filter Include="vendor\stb_image" />
  </ItemGroup>
  <ItemGroup>
    <ClCompile Include="src\Main.cpp">
      <Filter>src</Filter>
    </ClCompile>
    <ClCompile Include="src\Engine.cpp">
      <Filter>src</Filter>
    </ClCompile>
    <ClCompile Include="src\input\UserInput.cpp">
      <Filter>src\input</Filter>
    </ClCompile>
    <ClCompile Include="src\input\Camera.cpp">
      <Filter>src\input</Filter>
    </ClCompile>
    <ClCompile Include="src\renderer\types\Texture.cpp">
      <Filter>src\renderer\types</Filter>
    </ClCompile>
    <ClCompile Include="src\renderer\CommandBuffer.cpp">
      <Filter>src\renderer</Filter>
    </ClCompile>
    <ClCompile Include="src\renderer\Descriptor.cpp">
      <Filter>src\renderer</Filter>
    </ClCompile>
    <ClCompile Include="src\renderer\Renderer.cpp">
      <Filter>src\renderer</Filter>
    </ClCompile>
    <ClCompile Include="src\vulkan\Backend.cpp">
      <Filter>src\vulkan</Filter>
    </ClCompile>
    <ClCompile Include="src\vulkan\BackendTools.cpp">
      <Filter>src\vulkan</Filter>
    </ClCompile>
    <ClCompile Include="src\vulkan\Pipeline.cpp">
      <Filter>src\vulkan</Filter>
    </ClCompile>
    <ClCompile Include="src\vulkan\PipelineManager.cpp">
      <Filter>src\vulkan</Filter>
    </ClCompile>
    <ClCompile Include="src\vulkan\Window.cpp">
      <Filter>src\vulkan</Filter>
    </ClCompile>
    <ClCompile Include="src\utils\VulkanUtils.cpp">
      <Filter>src\utils</Filter>
    </ClCompile>
    <ClCompile Include="src\utils\BufferUtils.cpp">
      <Filter>src\utils</Filter>
    </ClCompile>
    <ClCompile Include="src\utils\RendererUtils.cpp">
      <Filter>src\utils</Filter>
    </ClCompile>
    <ClCompile Include="src\file\File.cpp">
      <Filter>src\file</Filter>
    </ClCompile>
    <ClCompile Include="src\core\AssetManager.cpp">
      <Filter>src\core</Filter>
    </ClCompile>
    <ClCompile Include="src\imgui\EditorImgui.cpp">
      <Filter>src\imgui</Filter>
    </ClCompile>
    <ClCompile Include="vendor\stb_image\stb_image.cpp">
      <Filter>vendor\stb_image</Filter>
    </ClCompile>
    <ClCompile Include="vendor\im_gui\imgui_impl_vulkan.cpp">
      <Filter>vendor\im_gui</Filter>
    </ClCompile>
    <ClCompile Include="vendor\im_gui\imgui_impl_glfw.cpp">
      <Filter>vendor\im_gui</Filter>
    </ClCompile>
    <ClCompile Include="vendor\im_gui\imgui.cpp">
      <Filter>vendor\im_gui</Filter>
    </ClCompile>
    <ClCompile Include="vendor\im_gui\imgui_draw.cpp">
      <Filter>vendor\im_gui</Filter>
    </ClCompile>
    <ClCompile Include="vendor\im_gui\imgui_widgets.cpp">
      <Filter>vendor\im_gui</Filter>
    </ClCompile>
    <ClCompile Include="vendor\im_gui\imgui_tables.cpp">
      <Filter>vendor\im_gui</Filter>
    </ClCompile>
    <ClCompile Include="src\common\pch.cpp">
      <Filter>src\common</Filter>
    </ClCompile>
    <ClCompile Include="src\renderer\RenderScene.cpp">
      <Filter>src\renderer</Filter>
    </ClCompile>
    <ClCompile Include="src\renderer\RenderGraph.cpp">
      <Filter>src\renderer</Filter>
    </ClCompile>
    <ClCompile Include="src\input\Camera.cpp">
      <Filter>src\input</Filter>
    </ClCompile>
    <ClCompile Include="vendor\Vulkan\include\vma\vma.cpp" />
    <ClCompile Include="vendor\fastgltf\fastgltf.cpp" />
    <ClCompile Include="vendor\fastgltf\base64.cpp" />
    <ClCompile Include="vendor\fastgltf\io.cpp" />
    <ClCompile Include="vendor\simdjson\simdjson.cpp" />
    <ClCompile Include="vendor\fmt\format.cc" />
    <ClCompile Include="src\core\EngineState.cpp">
      <Filter>src\core</Filter>
    </ClCompile>
  </ItemGroup>
  <ItemGroup>
    <ClInclude Include="src\input\Camera.h">
      <Filter>src\input</Filter>
    </ClInclude>
    <ClInclude Include="src\Engine.h">
      <Filter>src</Filter>
    </ClInclude>
    <ClInclude Include="src\ErrorChecking.h">
      <Filter>src</Filter>
    </ClInclude>
    <ClInclude Include="src\common\Vk_Types.h">
      <Filter>src\common</Filter>
    </ClInclude>
    <ClInclude Include="src\renderer\Renderer.h">
      <Filter>src\renderer</Filter>
    </ClInclude>
    <ClInclude Include="src\renderer\CommandBuffer.h">
      <Filter>src\renderer</Filter>
    </ClInclude>
    <ClInclude Include="src\renderer\Descriptor.h">
      <Filter>src\renderer</Filter>
    </ClInclude>
    <ClInclude Include="src\vulkan\Backend.h">
      <Filter>src\vulkan</Filter>
    </ClInclude>
    <ClInclude Include="src\vulkan\BackendTools.h">
      <Filter>src\vulkan</Filter>
    </ClInclude>
    <ClInclude Include="src\vulkan\Pipeline.h">
      <Filter>src\vulkan</Filter>
    </ClInclude>
    <ClInclude Include="src\vulkan\PipelineManager.h">
      <Filter>src\vulkan</Filter>
    </ClInclude>
    <ClInclude Include="src\vulkan\Window.h">
      <Filter>src\vulkan</Filter>
    </ClInclude>
    <ClInclude Include="src\utils\VulkanUtils.h">
      <Filter>src\utils</Filter>
    </ClInclude>
    <ClInclude Include="src\utils\BufferUtils.h">
      <Filter>src\utils</Filter>
    </ClInclude>
    <ClInclude Include="src\utils\RendererUtils.h">
      <Filter>src\utils</Filter>
    </ClInclude>
    <ClInclude Include="src\renderer\types\Texture.h">
      <Filter>src\renderer\types</Filter>
    </ClInclude>
    <ClInclude Include="src\file\File.h">
      <Filter>src\file</Filter>
    </ClInclude>
    <ClInclude Include="src\core\AssetManager.h">
      <Filter>src\core</Filter>
    </ClInclude>
    <ClInclude Include="src\imgui\EditorImgui.h">
      <Filter>src\imgui</Filter>
    </ClInclude>
    <ClInclude Include="src\common\pch.h">
      <Filter>src\common</Filter>
    </ClInclude>
    <ClInclude Include="src\renderer\RenderScene.h">
      <Filter>src\renderer</Filter>
    </ClInclude>
    <ClInclude Include="src\renderer\RenderGraph.h">
      <Filter>src\renderer</Filter>
    </ClInclude>
    <ClInclude Include="src\input\Camera.h">
      <Filter>src\input</Filter>
    </ClInclude>
    <ClInclude Include="src\core\EngineState.h">
      <Filter>src\core</Filter>
    </ClInclude>
    <ClInclude Include="src\input\UserInput.h">
      <Filter>src\input</Filter>
    </ClInclude>
  </ItemGroup>
  <ItemGroup>
    <None Include="res\shaders\compile_shaders.bat">
      <Filter>res\shaders</Filter>
    </None>
    <None Include="res\shaders\mesh_vert.vert">
      <Filter>res\shaders</Filter>
    </None>
    <None Include="res\shaders\input_structures.glsl">
      <Filter>res\shaders</Filter>
    </None>
    <None Include="res\shaders\mesh_frag.frag">
      <Filter>res\shaders</Filter>
    </None>
    <None Include="res\shaders\hdr2cubemap_comp.comp">
      <Filter>res\shaders</Filter>
    </None>
    <None Include="res\shaders\color_correction_comp.comp">
      <Filter>res\shaders</Filter>
    </None>
    <None Include="res\shaders\aabb_frag.frag">
      <Filter>res\shaders</Filter>
    </None>
    <None Include="res\shaders\aabb_vert.vert">
      <Filter>res\shaders</Filter>
    </None>
    <None Include="res\shaders\skybox_frag.frag">
      <Filter>res\shaders</Filter>
    </None>
    <None Include="res\shaders\skybox_vert.vert">
      <Filter>res\shaders</Filter>
    </None>
  </ItemGroup>
  <ItemGroup>
    <None Include="res\models\monkey.glb">
      <Filter>res\models</Filter>
    </None>
    <None Include="res\models\structure_mat.glb">
      <Filter>res\models</Filter>
    </None>
    <None Include="res\models\structure.glb">
      <Filter>res\models</Filter>
    </None>
    <None Include="res\models\town4new.glb">
      <Filter>res\models</Filter>
    </None>
  </ItemGroup>
</Project>